{
  "nodes": {
    "flake-utils": {
      "inputs": {
        "systems": "systems"
      },
      "locked": {
        "lastModified": 1705309234,
        "narHash": "sha256-uNRRNRKmJyCRC/8y1RqBkqWBLM034y4qN7EprSdmgyA=",
        "owner": "numtide",
        "repo": "flake-utils",
        "rev": "1ef2e671c3b0c19053962c07dbda38332dcebf26",
        "type": "github"
      },
      "original": {
        "owner": "numtide",
        "repo": "flake-utils",
        "type": "github"
      }
    },
    "melange-compiler-libs": {
      "inputs": {
        "flake-utils": [
          "melange-src",
          "flake-utils"
        ],
        "nixpkgs": [
          "melange-src",
          "nixpkgs"
        ]
      },
      "locked": {
        "lastModified": 1705466801,
        "narHash": "sha256-1dub8rJZkAjZiKR0EopdXVP3JCbSq/8fAw2Fei0Hh+E=",
        "owner": "melange-re",
        "repo": "melange-compiler-libs",
        "rev": "87bb98024b1669766f9c8aec3bbbf73ef332dcb6",
        "type": "github"
      },
      "original": {
        "owner": "melange-re",
        "repo": "melange-compiler-libs",
        "type": "github"
      }
    },
    "melange-src": {
      "inputs": {
        "flake-utils": [
          "flake-utils"
        ],
        "melange-compiler-libs": "melange-compiler-libs",
        "nix-filter": [
          "nix-filter"
        ],
        "nixpkgs": [
          "nixpkgs"
        ]
      },
      "locked": {
        "lastModified": 1706823522,
        "narHash": "sha256-LsqXADoVR4T8V1xH2z6rwz/DPJ1epI5u1/eRElwNHKg=",
        "owner": "melange-re",
        "repo": "melange",
        "rev": "09aa67bdc69e92610b25cef7386965deb21df00b",
        "type": "github"
      },
      "original": {
        "owner": "melange-re",
        "repo": "melange",
        "type": "github"
      }
    },
    "nix-filter": {
      "locked": {
        "lastModified": 1705332318,
        "narHash": "sha256-kcw1yFeJe9N4PjQji9ZeX47jg0p9A0DuU4djKvg1a7I=",
        "owner": "numtide",
        "repo": "nix-filter",
        "rev": "3449dc925982ad46246cfc36469baf66e1b64f17",
        "type": "github"
      },
      "original": {
        "owner": "numtide",
        "repo": "nix-filter",
        "type": "github"
      }
    },
    "nixpkgs": {
      "inputs": {
        "flake-utils": [
          "flake-utils"
        ],
        "nixpkgs": "nixpkgs_2"
      },
      "locked": {
        "lastModified": 1706981273,
        "narHash": "sha256-LEZ88+gp1QKXO7QlLYO/lONWfv7efWGsj62iMBre0Xw=",
        "owner": "nix-ocaml",
        "repo": "nix-overlays",
        "rev": "b037df8dbce2708cd68cc09ad0268fb0c49bd8fe",
        "type": "github"
      },
      "original": {
        "owner": "nix-ocaml",
        "repo": "nix-overlays",
        "type": "github"
      }
    },
    "nixpkgs_2": {
      "locked": {
        "lastModified": 1706941790,
        "narHash": "sha256-V4apg6WJS6hc1VhHuUpaLt0r/ulu/hvFruP6NKdEdfo=",
        "owner": "NixOS",
        "repo": "nixpkgs",
        "rev": "4f301350dacb4eb0a93578ef3b07c8a996c777e7",
        "type": "github"
      },
      "original": {
        "owner": "NixOS",
        "repo": "nixpkgs",
        "rev": "4f301350dacb4eb0a93578ef3b07c8a996c777e7",
        "type": "github"
      }
    },
    "root": {
      "inputs": {
        "flake-utils": "flake-utils",
        "melange-src": "melange-src",
        "nix-filter": "nix-filter",
        "nixpkgs": "nixpkgs"
      }
    },
    "systems": {
      "locked": {
        "lastModified": 1681028828,
        "narHash": "sha256-Vy1rq5AaRuLzOxct8nz4T6wlgyUR7zLU309k9mBC768=",
        "owner": "nix-systems",
        "repo": "default",
        "rev": "da67096a3b9bf56a91d16901293e51ba5b49a27e",
        "type": "github"
      },
      "original": {
        "owner": "nix-systems",
        "repo": "default",
        "type": "github"
      }
    }
  },
  "root": "root",
  "version": 7
}
